{
  "name": "eighty-shanghai",
  "version": "0.3.0",
  "lockfileVersion": 3,
  "requires": true,
  "packages": {
    "": {
      "name": "eighty-shanghai",
      "version": "0.3.0",
      "dependencies": {
        "ipaddr.js": "2.5.0"
      },
      "engines": {
        "node": ">=22"
      },
      "license": "Apache-2.0"
    },
    "node_modules/ipaddr.js": {
      "version": "2.5.0",
      "resolved": "https://registry.npmjs.org/ipaddr.js/-/ipaddr.js-2.5.0.tgz",
      "integrity": "sha512-aq+t5NAc+cS6rZQQVWC2x98CPqGtKKTMDd4Gaodv0wShnItdKg/51djkGJ1hqH+Oy0ivDftCbSLCQob8zso01w==",
      "license": "MIT",
      "engines": {
        "node": ">= 10"
      }
    }
  }
}
